
Microsoft Visual Studio Solution File, Format Version 12.00
# Visual Studio 15
VisualStudioVersion = 15.0.28307.329
MinimumVisualStudioVersion = 10.0.40219.1
Project("{FAE04EC0-301F-11D3-BF4B-00C04F79EFBC}") = "ECSEngine", "ECSEngine\ECSEngine.csproj", "{E076343E-4481-47AA-BE7C-881E83C559B9}"
EndProject
Project("{FAE04EC0-301F-11D3-BF4B-00C04F79EFBC}") = "GameTest", "GameTest\GameTest.csproj", "{82FAB0B5-0667-4D31-875B-4C37675FED9D}"
EndProject
Global
	GlobalSection(SolutionConfigurationPlatforms) = preSolution
		Debug|Any CPU = Debug|Any CPU
		Release|Any CPU = Release|Any CPU
	EndGlobalSection
	GlobalSection(ProjectConfigurationPlatforms) = postSolution
		{E076343E-4481-47AA-BE7C-881E83C559B9}.Debug|Any CPU.ActiveCfg = Debug|Any CPU
		{E076343E-4481-47AA-BE7C-881E83C559B9}.Debug|Any CPU.Build.0 = Debug|Any CPU
		{E076343E-4481-47AA-BE7C-881E83C559B9}.Release|Any CPU.ActiveCfg = Release|Any CPU
		{E076343E-4481-47AA-BE7C-881E83C559B9}.Release|Any CPU.Build.0 = Release|Any CPU
		{82FAB0B5-0667-4D31-875B-4C37675FED9D}.Debug|Any CPU.ActiveCfg = Debug|Any CPU
		{82FAB0B5-0667-4D31-875B-4C37675FED9D}.Debug|Any CPU.Build.0 = Debug|Any CPU
		{82FAB0B5-0667-4D31-875B-4C37675FED9D}.Release|Any CPU.ActiveCfg = Release|Any CPU
		{82FAB0B5-0667-4D31-875B-4C37675FED9D}.Release|Any CPU.Build.0 = Release|Any CPU
	EndGlobalSection
	GlobalSection(SolutionProperties) = preSolution
		HideSolutionNode = FALSE
	EndGlobalSection
	GlobalSection(ExtensibilityGlobals) = postSolution
		SolutionGuid = {9E00F732-EAD3-4E59-A8D7-9FBDE7EC31D8}
	EndGlobalSection
EndGlobal
